// !$*UTF8*$!
{
	archiveVersion = 1;
	classes = {
	};
	objectVersion = 46;
	objects = {

/* Begin PBXBuildFile section */
		380BBE171E79E64500E550BE /* AppDelegate.swift in Sources */ = {isa = PBXBuildFile; fileRef = 380BBE161E79E64500E550BE /* AppDelegate.swift */; };
		380BBE191E79E64500E550BE /* ViewController.swift in Sources */ = {isa = PBXBuildFile; fileRef = 380BBE181E79E64500E550BE /* ViewController.swift */; };
		380BBE1C1E79E64500E550BE /* Main.storyboard in Resources */ = {isa = PBXBuildFile; fileRef = 380BBE1A1E79E64500E550BE /* Main.storyboard */; };
		380BBE1F1E79E64500E550BE /* Doit.xcdatamodeld in Sources */ = {isa = PBXBuildFile; fileRef = 380BBE1D1E79E64500E550BE /* Doit.xcdatamodeld */; };
		380BBE211E79E64500E550BE /* Assets.xcassets in Resources */ = {isa = PBXBuildFile; fileRef = 380BBE201E79E64500E550BE /* Assets.xcassets */; };
		380BBE241E79E64500E550BE /* LaunchScreen.storyboard in Resources */ = {isa = PBXBuildFile; fileRef = 380BBE221E79E64500E550BE /* LaunchScreen.storyboard */; };
/* End PBXBuildFile section */

/* Begin PBXFileReference section */
		380BBE131E79E64500E550BE /* Doit.app */ = {isa = PBXFileReference; explicitFileType = wrapper.application; includeInIndex = 0; path = Doit.app; sourceTree = BUILT_PRODUCTS_DIR; };
		380BBE161E79E64500E550BE /* AppDelegate.swift */ = {isa = PBXFileReference; lastKnownFileType = sourcecode.swift; path = AppDelegate.swift; sourceTree = "<group>"; };
		380BBE181E79E64500E550BE /* ViewController.swift */ = {isa = PBXFileReference; lastKnownFileType = sourcecode.swift; path = ViewController.swift; sourceTree = "<group>"; };
		380BBE1B1E79E64500E550BE /* Base */ = {isa = PBXFileReference; lastKnownFileType = file.storyboard; name = Base; path = Base.lproj/Main.storyboard; sourceTree = "<group>"; };
		380BBE1E1E79E64500E550BE /* Doit.xcdatamodel */ = {isa = PBXFileReference; lastKnownFileType = wrapper.xcdatamodel; path = Doit.xcdatamodel; sourceTree = "<group>"; };
		380BBE201E79E64500E550BE /* Assets.xcassets */ = {isa = PBXFileReference; lastKnownFileType = folder.assetcatalog; path = Assets.xcassets; sourceTree = "<group>"; };
		380BBE231E79E64500E550BE /* Base */ = {isa = PBXFileReference; lastKnownFileType = file.storyboard; name = Base; path = Base.lproj/LaunchScreen.storyboard; sourceTree = "<group>"; };
		380BBE251E79E64500E550BE /* Info.plist */ = {isa = PBXFileReference; lastKnownFileType = text.plist.xml; path = Info.plist; sourceTree = "<group>"; };
/* End PBXFileReference section */

/* Begin PBXFrameworksBuildPhase section */
		380BBE101E79E64400E550BE /* Frameworks */ = {
			isa = PBXFrameworksBuildPhase;
			buildActionMask = 2147483647;
			files = (
			);
			runOnlyForDeploymentPostprocessing = 0;
		};
/* End PBXFrameworksBuildPhase section */

/* Begin PBXGroup section */
		380BBE0A1E79E64400E550BE = {
			isa = PBXGroup;
			children = (
				380BBE151E79E64500E550BE /* Doit */,
				380BBE141E79E64500E550BE /* Products */,
			);
			sourceTree = "<group>";
		};
		380BBE141E79E64500E550BE /* Products */ = {
			isa = PBXGroup;
			children = (
				380BBE131E79E64500E550BE /* Doit.app */,
			);
			name = Products;
			sourceTree = "<group>";
		};
		380BBE151E79E64500E550BE /* Doit */ = {
			isa = PBXGroup;
			children = (
				380BBE161E79E64500E550BE /* AppDelegate.swift */,
				380BBE181E79E64500E550BE /* ViewController.swift */,
				380BBE1A1E79E64500E550BE /* Main.storyboard */,
				380BBE201E79E64500E550BE /* Assets.xcassets */,
				380BBE221E79E64500E550BE /* LaunchScreen.storyboard */,
				380BBE251E79E64500E550BE /* Info.plist */,
				380BBE1D1E79E64500E550BE /* Doit.xcdatamodeld */,
			);
			path = Doit;
			sourceTree = "<group>";
		};
/* End PBXGroup section */

/* Begin PBXNativeTarget section */
		380BBE121E79E64400E550BE /* Doit */ = {
			isa = PBXNativeTarget;
			buildConfigurationList = 380BBE281E79E64500E550BE /* Build configuration list for PBXNativeTarget "Doit" */;
			buildPhases = (
				380BBE0F1E79E64400E550BE /* Sources */,
				380BBE101E79E64400E550BE /* Frameworks */,
				380BBE111E79E64400E550BE /* Resources */,
			);
			buildRules = (
			);
			dependencies = (
			);
			name = Doit;
			productName = Doit;
			productReference = 380BBE131E79E64500E550BE /* Doit.app */;
			productType = "com.apple.product-type.application";
		};
/* End PBXNativeTarget section */

/* Begin PBXProject section */
		380BBE0B1E79E64400E550BE /* Project object */ = {
			isa = PBXProject;
			attributes = {
				LastSwiftUpdateCheck = 0820;
				LastUpgradeCheck = 0820;
				ORGANIZATIONNAME = "Connor Lafata";
				TargetAttributes = {
					380BBE121E79E64400E550BE = {
						CreatedOnToolsVersion = 8.2.1;
						ProvisioningStyle = Automatic;
					};
				};
			};
			buildConfigurationList = 380BBE0E1E79E64400E550BE /* Build configuration list for PBXProject "Doit" */;
			compatibilityVersion = "Xcode 3.2";
			developmentRegion = English;
			hasScannedForEncodings = 0;
			knownRegions = (
				en,
				Base,
			);
			mainGroup = 380BBE0A1E79E64400E550BE;
			productRefGroup = 380BBE141E79E64500E550BE /* Products */;
			projectDirPath = "";
			projectRoot = "";
			targets = (
				380BBE121E79E64400E550BE /* Doit */,
			);
		};
/* End PBXProject section */

/* Begin PBXResourcesBuildPhase section */
		380BBE111E79E64400E550BE /* Resources */ = {
			isa = PBXResourcesBuildPhase;
			buildActionMask = 2147483647;
			files = (
				380BBE241E79E64500E550BE /* LaunchScreen.storyboard in Resources */,
				380BBE211E79E64500E550BE /* Assets.xcassets in Resources */,
				380BBE1C1E79E64500E550BE /* Main.storyboard in Resources */,
			);
			runOnlyForDeploymentPostprocessing = 0;
		};
/* End PBXResourcesBuildPhase section */

/* Begin PBXSourcesBuildPhase section */
		380BBE0F1E79E64400E550BE /* Sources */ = {
			isa = PBXSourcesBuildPhase;
			buildActionMask = 2147483647;
			files = (
				380BBE191E79E64500E550BE /* ViewController.swift in Sources */,
				380BBE171E79E64500E550BE /* AppDelegate.swift in Sources */,
				380BBE1F1E79E64500E550BE /* Doit.xcdatamodeld in Sources */,
			);
			runOnlyForDeploymentPostprocessing = 0;
		};
/* End PBXSourcesBuildPhase section */

/* Begin PBXVariantGroup section */
		380BBE1A1E79E64500E550BE /* Main.storyboard */ = {
			isa = PBXVariantGroup;
			children = (
				380BBE1B1E79E64500E550BE /* Base */,
			);
			name = Main.storyboard;
			sourceTree = "<group>";
		};
		380BBE221E79E64500E550BE /* LaunchScreen.storyboard */ = {
			isa = PBXVariantGroup;
			children = (
				380BBE231E79E64500E550BE /* Base */,
			);
			name = LaunchScreen.storyboard;
			sourceTree = "<group>";
		};
/* End PBXVariantGroup section */

/* Begin XCBuildConfiguration section */
		380BBE261E79E64500E550BE /* Debug */ = {
			isa = XCBuildConfiguration;
			buildSettings = {
				ALWAYS_SEARCH_USER_PATHS = NO;
				CLANG_ANALYZER_NONNULL = YES;
				CLANG_CXX_LANGUAGE_STANDARD = "gnu++0x";
				CLANG_CXX_LIBRARY = "libc++";
				CLANG_ENABLE_MODULES = YES;
				CLANG_ENABLE_OBJC_ARC = YES;
				CLANG_WARN_BOOL_CONVERSION = YES;
				CLANG_WARN_CONSTANT_CONVERSION = YES;
				CLANG_WARN_DIRECT_OBJC_ISA_USAGE = YES_ERROR;
				CLANG_WARN_DOCUMENTATION_COMMENTS = YES;
				CLANG_WARN_EMPTY_BODY = YES;
				CLANG_WARN_ENUM_CONVERSION = YES;
				CLANG_WARN_INFINITE_RECURSION = YES;
				CLANG_WARN_INT_CONVERSION = YES;
				CLANG_WARN_OBJC_ROOT_CLASS = YES_ERROR;
				CLANG_WARN_SUSPICIOUS_MOVE = YES;
				CLANG_WARN_UNREACHABLE_CODE = YES;
				CLANG_WARN__DUPLICATE_METHOD_MATCH = YES;
				"CODE_SIGN_IDENTITY[sdk=iphoneos*]" = "iPhone Developer";
				COPY_PHASE_STRIP = NO;
				DEBUG_INFORMATION_FORMAT = dwarf;
				ENABLE_STRICT_OBJC_MSGSEND = YES;
				ENABLE_TESTABILITY = YES;
				GCC_C_LANGUAGE_STANDARD = gnu99;
				GCC_DYNAMIC_NO_PIC = NO;
				GCC_NO_COMMON_BLOCKS = YES;
				GCC_OPTIMIZATION_LEVEL = 0;
				GCC_PREPROCESSOR_DEFINITIONS = (
					"DEBUG=1",
					"$(inherited)",
				);
				GCC_WARN_64_TO_32_BIT_CONVERSION = YES;
				GCC_WARN_ABOUT_RETURN_TYPE = YES_ERROR;
				GCC_WARN_UNDECLARED_SELECTOR = YES;
				GCC_WARN_UNINITIALIZED_AUTOS = YES_AGGRESSIVE;
				GCC_WARN_UNUSED_FUNCTION = YES;
				GCC_WARN_UNUSED_VARIABLE = YES;
				IPHONEOS_DEPLOYMENT_TARGET = 10.2;
				MTL_ENABLE_DEBUG_INFO = YES;
				ONLY_ACTIVE_ARCH = YES;
				SDKROOT = iphoneos;
				SWIFT_ACTIVE_COMPILATION_CONDITIONS = DEBUG;
				SWIFT_OPTIMIZATION_LEVEL = "-Onone";
				TARGETED_DEVICE_FAMILY = "1,2";
			};
			name = Debug;
		};
		380BBE271E79E64500E550BE /* Release */ = {
			isa = XCBuildConfiguration;
			buildSettings = {
				ALWAYS_SEARCH_USER_PATHS = NO;
				CLANG_ANALYZER_NONNULL = YES;
				CLANG_CXX_LANGUAGE_STANDARD = "gnu++0x";
				CLANG_CXX_LIBRARY = "libc++";
				CLANG_ENABLE_MODULES = YES;
				CLANG_ENABLE_OBJC_ARC = YES;
				CLANG_WARN_BOOL_CONVERSION = YES;
				CLANG_WARN_CONSTANT_CONVERSION = YES;
				CLANG_WARN_DIRECT_OBJC_ISA_USAGE = YES_ERROR;
				CLANG_WARN_DOCUMENTATION_COMMENTS = YES;
				CLANG_WARN_EMPTY_BODY = YES;
				CLANG_WARN_ENUM_CONVERSION = YES;
				CLANG_WARN_INFINITE_RECURSION = YES;
				CLANG_WARN_INT_CONVERSION = YES;
				CLANG_WARN_OBJC_ROOT_CLASS = YES_ERROR;
				CLANG_WARN_SUSPICIOUS_MOVE = YES;
				CLANG_WARN_UNREACHABLE_CODE = YES;
				CLANG_WARN__DUPLICATE_METHOD_MATCH = YES;
				"CODE_SIGN_IDENTITY[sdk=iphoneos*]" = "iPhone Developer";
				COPY_PHASE_STRIP = NO;
				DEBUG_INFORMATION_FORMAT = "dwarf-with-dsym";
				ENABLE_NS_ASSERTIONS = NO;
				ENABLE_STRICT_OBJC_MSGSEND = YES;
				GCC_C_LANGUAGE_STANDARD = gnu99;
				GCC_NO_COMMON_BLOCKS = YES;
				GCC_WARN_64_TO_32_BIT_CONVERSION = YES;
				GCC_WARN_ABOUT_RETURN_TYPE = YES_ERROR;
				GCC_WARN_UNDECLARED_SELECTOR = YES;
				GCC_WARN_UNINITIALIZED_AUTOS = YES_AGGRESSIVE;
				GCC_WARN_UNUSED_FUNCTION = YES;
				GCC_WARN_UNUSED_VARIABLE = YES;
				IPHONEOS_DEPLOYMENT_TARGET = 10.2;
				MTL_ENABLE_DEBUG_INFO = NO;
				SDKROOT = iphoneos;
				SWIFT_OPTIMIZATION_LEVEL = "-Owholemodule";
				TARGETED_DEVICE_FAMILY = "1,2";
				VALIDATE_PRODUCT = YES;
			};
			name = Release;
		};
		380BBE291E79E64500E550BE /* Debug */ = {
			isa = XCBuildConfiguration;
			buildSettings = {
				ASSETCATALOG_COMPILER_APPICON_NAME = AppIcon;
				INFOPLIST_FILE = Doit/Info.plist;
				LD_RUNPATH_SEARCH_PATHS = "$(inherited) @executable_path/Frameworks";
				PRODUCT_BUNDLE_IDENTIFIER = com.ConnorLafata.Doit;
				PRODUCT_NAME = "$(TARGET_NAME)";
				SWIFT_VERSION = 3.0;
			};
			name = Debug;
		};
		380BBE2A1E79E64500E550BE /* Release */ = {
			isa = XCBuildConfiguration;
			buildSettings = {
				ASSETCATALOG_COMPILER_APPICON_NAME = AppIcon;
				INFOPLIST_FILE = Doit/Info.plist;
				LD_RUNPATH_SEARCH_PATHS = "$(inherited) @executable_path/Frameworks";
				PRODUCT_BUNDLE_IDENTIFIER = com.ConnorLafata.Doit;
				PRODUCT_NAME = "$(TARGET_NAME)";
				SWIFT_VERSION = 3.0;
			};
			name = Release;
		};
/* End XCBuildConfiguration section */

/* Begin XCConfigurationList section */
		380BBE0E1E79E64400E550BE /* Build configuration list for PBXProject "Doit" */ = {
			isa = XCConfigurationList;
			buildConfigurations = (
				380BBE261E79E64500E550BE /* Debug */,
				380BBE271E79E64500E550BE /* Release */,
			);
			defaultConfigurationIsVisible = 0;
			defaultConfigurationName = Release;
		};
		380BBE281E79E64500E550BE /* Build configuration list for PBXNativeTarget "Doit" */ = {
			isa = XCConfigurationList;
			buildConfigurations = (
				380BBE291E79E64500E550BE /* Debug */,
				380BBE2A1E79E64500E550BE /* Release */,
			);
			defaultConfigurationIsVisible = 0;
		};
/* End XCConfigurationList section */

/* Begin XCVersionGroup section */
		380BBE1D1E79E64500E550BE /* Doit.xcdatamodeld */ = {
			isa = XCVersionGroup;
			children = (
				380BBE1E1E79E64500E550BE /* Doit.xcdatamodel */,
			);
			currentVersion = 380BBE1E1E79E64500E550BE /* Doit.xcdatamodel */;
			path = Doit.xcdatamodeld;
			sourceTree = "<group>";
			versionGroupType = wrapper.xcdatamodel;
		};
/* End XCVersionGroup section */
	};
	rootObject = 380BBE0B1E79E64400E550BE /* Project object */;
}
